// !$*UTF8*$!
{
	archiveVersion = 1;
	classes = {
	};
	objectVersion = 46;
	objects = {

/* Begin PBXBuildFile section */
		A955BAFD1E63C65F00852A4E /* AppDelegate.swift in Sources */ = {isa = PBXBuildFile; fileRef = A955BAFC1E63C65F00852A4E /* AppDelegate.swift */; };
		A955BAFF1E63C65F00852A4E /* ViewController.swift in Sources */ = {isa = PBXBuildFile; fileRef = A955BAFE1E63C65F00852A4E /* ViewController.swift */; };
		A955BB021E63C65F00852A4E /* Main.storyboard in Resources */ = {isa = PBXBuildFile; fileRef = A955BB001E63C65F00852A4E /* Main.storyboard */; };
		A955BB041E63C65F00852A4E /* Assets.xcassets in Resources */ = {isa = PBXBuildFile; fileRef = A955BB031E63C65F00852A4E /* Assets.xcassets */; };
		A955BB071E63C65F00852A4E /* LaunchScreen.storyboard in Resources */ = {isa = PBXBuildFile; fileRef = A955BB051E63C65F00852A4E /* LaunchScreen.storyboard */; };
/* End PBXBuildFile section */

/* Begin PBXFileReference section */
		A955BAF91E63C65F00852A4E /* BasicUIApp.app */ = {isa = PBXFileReference; explicitFileType = wrapper.application; includeInIndex = 0; path = BasicUIApp.app; sourceTree = BUILT_PRODUCTS_DIR; };
		A955BAFC1E63C65F00852A4E /* AppDelegate.swift */ = {isa = PBXFileReference; lastKnownFileType = sourcecode.swift; path = AppDelegate.swift; sourceTree = "<group>"; };
		A955BAFE1E63C65F00852A4E /* ViewController.swift */ = {isa = PBXFileReference; lastKnownFileType = sourcecode.swift; path = ViewController.swift; sourceTree = "<group>"; };
		A955BB011E63C65F00852A4E /* Base */ = {isa = PBXFileReference; lastKnownFileType = file.storyboard; name = Base; path = Base.lproj/Main.storyboard; sourceTree = "<group>"; };
		A955BB031E63C65F00852A4E /* Assets.xcassets */ = {isa = PBXFileReference; lastKnownFileType = folder.assetcatalog; path = Assets.xcassets; sourceTree = "<group>"; };
		A955BB061E63C65F00852A4E /* Base */ = {isa = PBXFileReference; lastKnownFileType = file.storyboard; name = Base; path = Base.lproj/LaunchScreen.storyboard; sourceTree = "<group>"; };
		A955BB081E63C65F00852A4E /* Info.plist */ = {isa = PBXFileReference; lastKnownFileType = text.plist.xml; path = Info.plist; sourceTree = "<group>"; };
/* End PBXFileReference section */

/* Begin PBXFrameworksBuildPhase section */
		A955BAF61E63C65F00852A4E /* Frameworks */ = {
			isa = PBXFrameworksBuildPhase;
			buildActionMask = 2147483647;
			files = (
			);
			runOnlyForDeploymentPostprocessing = 0;
		};
/* End PBXFrameworksBuildPhase section */

/* Begin PBXGroup section */
		A955BAF01E63C65F00852A4E = {
			isa = PBXGroup;
			children = (
				A955BAFB1E63C65F00852A4E /* BasicUIApp */,
				A955BAFA1E63C65F00852A4E /* Products */,
			);
			sourceTree = "<group>";
		};
		A955BAFA1E63C65F00852A4E /* Products */ = {
			isa = PBXGroup;
			children = (
				A955BAF91E63C65F00852A4E /* BasicUIApp.app */,
			);
			name = Products;
			sourceTree = "<group>";
		};
		A955BAFB1E63C65F00852A4E /* BasicUIApp */ = {
			isa = PBXGroup;
			children = (
				A955BAFC1E63C65F00852A4E /* AppDelegate.swift */,
				A955BAFE1E63C65F00852A4E /* ViewController.swift */,
				A955BB001E63C65F00852A4E /* Main.storyboard */,
				A955BB031E63C65F00852A4E /* Assets.xcassets */,
				A955BB051E63C65F00852A4E /* LaunchScreen.storyboard */,
				A955BB081E63C65F00852A4E /* Info.plist */,
			);
			path = BasicUIApp;
			sourceTree = "<group>";
		};
/* End PBXGroup section */

/* Begin PBXNativeTarget section */
		A955BAF81E63C65F00852A4E /* BasicUIApp */ = {
			isa = PBXNativeTarget;
			buildConfigurationList = A955BB0B1E63C65F00852A4E /* Build configuration list for PBXNativeTarget "BasicUIApp" */;
			buildPhases = (
				A955BAF51E63C65F00852A4E /* Sources */,
				A955BAF61E63C65F00852A4E /* Frameworks */,
				A955BAF71E63C65F00852A4E /* Resources */,
			);
			buildRules = (
			);
			dependencies = (
			);
			name = BasicUIApp;
			productName = BasicUIApp;
			productReference = A955BAF91E63C65F00852A4E /* BasicUIApp.app */;
			productType = "com.apple.product-type.application";
		};
/* End PBXNativeTarget section */

/* Begin PBXProject section */
		A955BAF11E63C65F00852A4E /* Project object */ = {
			isa = PBXProject;
			attributes = {
				LastSwiftUpdateCheck = 0810;
				LastUpgradeCheck = 0810;
				ORGANIZATIONNAME = "Madhav Bhogapurapu";
				TargetAttributes = {
					A955BAF81E63C65F00852A4E = {
						CreatedOnToolsVersion = 8.1;
						ProvisioningStyle = Automatic;
					};
				};
			};
			buildConfigurationList = A955BAF41E63C65F00852A4E /* Build configuration list for PBXProject "BasicUIApp" */;
			compatibilityVersion = "Xcode 3.2";
			developmentRegion = English;
			hasScannedForEncodings = 0;
			knownRegions = (
				en,
				Base,
			);
			mainGroup = A955BAF01E63C65F00852A4E;
			productRefGroup = A955BAFA1E63C65F00852A4E /* Products */;
			projectDirPath = "";
			projectRoot = "";
			targets = (
				A955BAF81E63C65F00852A4E /* BasicUIApp */,
			);
		};
/* End PBXProject section */

/* Begin PBXResourcesBuildPhase section */
		A955BAF71E63C65F00852A4E /* Resources */ = {
			isa = PBXResourcesBuildPhase;
			buildActionMask = 2147483647;
			files = (
				A955BB071E63C65F00852A4E /* LaunchScreen.storyboard in Resources */,
				A955BB041E63C65F00852A4E /* Assets.xcassets in Resources */,
				A955BB021E63C65F00852A4E /* Main.storyboard in Resources */,
			);
			runOnlyForDeploymentPostprocessing = 0;
		};
/* End PBXResourcesBuildPhase section */

/* Begin PBXSourcesBuildPhase section */
		A955BAF51E63C65F00852A4E /* Sources */ = {
			isa = PBXSourcesBuildPhase;
			buildActionMask = 2147483647;
			files = (
				A955BAFF1E63C65F00852A4E /* ViewController.swift in Sources */,
				A955BAFD1E63C65F00852A4E /* AppDelegate.swift in Sources */,
			);
			runOnlyForDeploymentPostprocessing = 0;
		};
/* End PBXSourcesBuildPhase section */

/* Begin PBXVariantGroup section */
		A955BB001E63C65F00852A4E /* Main.storyboard */ = {
			isa = PBXVariantGroup;
			children = (
				A955BB011E63C65F00852A4E /* Base */,
			);
			name = Main.storyboard;
			sourceTree = "<group>";
		};
		A955BB051E63C65F00852A4E /* LaunchScreen.storyboard */ = {
			isa = PBXVariantGroup;
			children = (
				A955BB061E63C65F00852A4E /* Base */,
			);
			name = LaunchScreen.storyboard;
			sourceTree = "<group>";
		};
/* End PBXVariantGroup section */

/* Begin XCBuildConfiguration section */
		A955BB091E63C65F00852A4E /* Debug */ = {
			isa = XCBuildConfiguration;
			buildSettings = {
				ALWAYS_SEARCH_USER_PATHS = NO;
				CLANG_ANALYZER_NONNULL = YES;
				CLANG_CXX_LANGUAGE_STANDARD = "gnu++0x";
				CLANG_CXX_LIBRARY = "libc++";
				CLANG_ENABLE_MODULES = YES;
				CLANG_ENABLE_OBJC_ARC = YES;
				CLANG_WARN_BOOL_CONVERSION = YES;
				CLANG_WARN_CONSTANT_CONVERSION = YES;
				CLANG_WARN_DIRECT_OBJC_ISA_USAGE = YES_ERROR;
				CLANG_WARN_DOCUMENTATION_COMMENTS = YES;
				CLANG_WARN_EMPTY_BODY = YES;
				CLANG_WARN_ENUM_CONVERSION = YES;
				CLANG_WARN_INFINITE_RECURSION = YES;
				CLANG_WARN_INT_CONVERSION = YES;
				CLANG_WARN_OBJC_ROOT_CLASS = YES_ERROR;
				CLANG_WARN_SUSPICIOUS_MOVES = YES;
				CLANG_WARN_UNREACHABLE_CODE = YES;
				CLANG_WARN__DUPLICATE_METHOD_MATCH = YES;
				"CODE_SIGN_IDENTITY[sdk=iphoneos*]" = "iPhone Developer";
				COPY_PHASE_STRIP = NO;
				DEBUG_INFORMATION_FORMAT = dwarf;
				ENABLE_STRICT_OBJC_MSGSEND = YES;
				ENABLE_TESTABILITY = YES;
				GCC_C_LANGUAGE_STANDARD = gnu99;
				GCC_DYNAMIC_NO_PIC = NO;
				GCC_NO_COMMON_BLOCKS = YES;
				GCC_OPTIMIZATION_LEVEL = 0;
				GCC_PREPROCESSOR_DEFINITIONS = (
					"DEBUG=1",
					"$(inherited)",
				);
				GCC_WARN_64_TO_32_BIT_CONVERSION = YES;
				GCC_WARN_ABOUT_RETURN_TYPE = YES_ERROR;
				GCC_WARN_UNDECLARED_SELECTOR = YES;
				GCC_WARN_UNINITIALIZED_AUTOS = YES_AGGRESSIVE;
				GCC_WARN_UNUSED_FUNCTION = YES;
				GCC_WARN_UNUSED_VARIABLE = YES;
				IPHONEOS_DEPLOYMENT_TARGET = 10.1;
				MTL_ENABLE_DEBUG_INFO = YES;
				ONLY_ACTIVE_ARCH = YES;
				SDKROOT = iphoneos;
				SWIFT_ACTIVE_COMPILATION_CONDITIONS = DEBUG;
				SWIFT_OPTIMIZATION_LEVEL = "-Onone";
			};
			name = Debug;
		};
		A955BB0A1E63C65F00852A4E /* Release */ = {
			isa = XCBuildConfiguration;
			buildSettings = {
				ALWAYS_SEARCH_USER_PATHS = NO;
				CLANG_ANALYZER_NONNULL = YES;
				CLANG_CXX_LANGUAGE_STANDARD = "gnu++0x";
				CLANG_CXX_LIBRARY = "libc++";
				CLANG_ENABLE_MODULES = YES;
				CLANG_ENABLE_OBJC_ARC = YES;
				CLANG_WARN_BOOL_CONVERSION = YES;
				CLANG_WARN_CONSTANT_CONVERSION = YES;
				CLANG_WARN_DIRECT_OBJC_ISA_USAGE = YES_ERROR;
				CLANG_WARN_DOCUMENTATION_COMMENTS = YES;
				CLANG_WARN_EMPTY_BODY = YES;
				CLANG_WARN_ENUM_CONVERSION = YES;
				CLANG_WARN_INFINITE_RECURSION = YES;
				CLANG_WARN_INT_CONVERSION = YES;
				CLANG_WARN_OBJC_ROOT_CLASS = YES_ERROR;
				CLANG_WARN_SUSPICIOUS_MOVES = YES;
				CLANG_WARN_UNREACHABLE_CODE = YES;
				CLANG_WARN__DUPLICATE_METHOD_MATCH = YES;
				"CODE_SIGN_IDENTITY[sdk=iphoneos*]" = "iPhone Developer";
				COPY_PHASE_STRIP = NO;
				DEBUG_INFORMATION_FORMAT = "dwarf-with-dsym";
				ENABLE_NS_ASSERTIONS = NO;
				ENABLE_STRICT_OBJC_MSGSEND = YES;
				GCC_C_LANGUAGE_STANDARD = gnu99;
				GCC_NO_COMMON_BLOCKS = YES;
				GCC_WARN_64_TO_32_BIT_CONVERSION = YES;
				GCC_WARN_ABOUT_RETURN_TYPE = YES_ERROR;
				GCC_WARN_UNDECLARED_SELECTOR = YES;
				GCC_WARN_UNINITIALIZED_AUTOS = YES_AGGRESSIVE;
				GCC_WARN_UNUSED_FUNCTION = YES;
				GCC_WARN_UNUSED_VARIABLE = YES;
				IPHONEOS_DEPLOYMENT_TARGET = 10.1;
				MTL_ENABLE_DEBUG_INFO = NO;
				SDKROOT = iphoneos;
				SWIFT_OPTIMIZATION_LEVEL = "-Owholemodule";
				VALIDATE_PRODUCT = YES;
			};
			name = Release;
		};
		A955BB0C1E63C65F00852A4E /* Debug */ = {
			isa = XCBuildConfiguration;
			buildSettings = {
				ASSETCATALOG_COMPILER_APPICON_NAME = AppIcon;
				INFOPLIST_FILE = BasicUIApp/Info.plist;
				LD_RUNPATH_SEARCH_PATHS = "$(inherited) @executable_path/Frameworks";
				PRODUCT_BUNDLE_IDENTIFIER = com.MadhavIT.BasicUIApp;
				PRODUCT_NAME = "$(TARGET_NAME)";
				SWIFT_VERSION = 3.0;
			};
			name = Debug;
		};
		A955BB0D1E63C65F00852A4E /* Release */ = {
			isa = XCBuildConfiguration;
			buildSettings = {
				ASSETCATALOG_COMPILER_APPICON_NAME = AppIcon;
				INFOPLIST_FILE = BasicUIApp/Info.plist;
				LD_RUNPATH_SEARCH_PATHS = "$(inherited) @executable_path/Frameworks";
				PRODUCT_BUNDLE_IDENTIFIER = com.MadhavIT.BasicUIApp;
				PRODUCT_NAME = "$(TARGET_NAME)";
				SWIFT_VERSION = 3.0;
			};
			name = Release;
		};
/* End XCBuildConfiguration section */

/* Begin XCConfigurationList section */
		A955BAF41E63C65F00852A4E /* Build configuration list for PBXProject "BasicUIApp" */ = {
			isa = XCConfigurationList;
			buildConfigurations = (
				A955BB091E63C65F00852A4E /* Debug */,
				A955BB0A1E63C65F00852A4E /* Release */,
			);
			defaultConfigurationIsVisible = 0;
			defaultConfigurationName = Release;
		};
		A955BB0B1E63C65F00852A4E /* Build configuration list for PBXNativeTarget "BasicUIApp" */ = {
			isa = XCConfigurationList;
			buildConfigurations = (
				A955BB0C1E63C65F00852A4E /* Debug */,
				A955BB0D1E63C65F00852A4E /* Release */,
			);
			defaultConfigurationIsVisible = 0;
		};
/* End XCConfigurationList section */
	};
	rootObject = A955BAF11E63C65F00852A4E /* Project object */;
}
